
Microsoft Visual Studio Solution File, Format Version 12.00
Project("{FAE04EC0-301F-11D3-BF4B-00C04F79EFBC}") = "Kota.Pokedex.Api", "src\Kota.Pokedex.Api\Kota.Pokedex.Api.csproj", "{98F1E96C-CF66-4026-9FF9-CB99C7C54AF9}"
EndProject
Global
	GlobalSection(SolutionConfigurationPlatforms) = preSolution
		Debug|Any CPU = Debug|Any CPU
		Release|Any CPU = Release|Any CPU
	EndGlobalSection
	GlobalSection(ProjectConfigurationPlatforms) = postSolution
		{98F1E96C-CF66-4026-9FF9-CB99C7C54AF9}.Debug|Any CPU.ActiveCfg = Debug|Any CPU
		{98F1E96C-CF66-4026-9FF9-CB99C7C54AF9}.Debug|Any CPU.Build.0 = Debug|Any CPU
		{98F1E96C-CF66-4026-9FF9-CB99C7C54AF9}.Release|Any CPU.ActiveCfg = Release|Any CPU
		{98F1E96C-CF66-4026-9FF9-CB99C7C54AF9}.Release|Any CPU.Build.0 = Release|Any CPU
	EndGlobalSection
EndGlobal
